// !$*UTF8*$!
{
	archiveVersion = 1;
	classes = {
	};
	objectVersion = 46;
	objects = {

/* Begin PBXBuildFile section */
		05158856A32FC32F99A496AF /* Pods_NavCtrl_Swift.framework in Frameworks */ = {isa = PBXBuildFile; fileRef = 845548BC78BD8B8784296FF6 /* Pods_NavCtrl_Swift.framework */; };
		9EF237B11E5E351800FEFD4F /* AppDelegate.swift in Sources */ = {isa = PBXBuildFile; fileRef = 9EF237B01E5E351800FEFD4F /* AppDelegate.swift */; };
		9EF237B81E5E351800FEFD4F /* Assets.xcassets in Resources */ = {isa = PBXBuildFile; fileRef = 9EF237B71E5E351800FEFD4F /* Assets.xcassets */; };
		9EF237BB1E5E351800FEFD4F /* LaunchScreen.storyboard in Resources */ = {isa = PBXBuildFile; fileRef = 9EF237B91E5E351800FEFD4F /* LaunchScreen.storyboard */; };
		9EF237C51E5E35AA00FEFD4F /* CompanyVC.swift in Sources */ = {isa = PBXBuildFile; fileRef = 9EF237C31E5E35AA00FEFD4F /* CompanyVC.swift */; };
		9EF237C61E5E35AA00FEFD4F /* CompanyVC.xib in Resources */ = {isa = PBXBuildFile; fileRef = 9EF237C41E5E35AA00FEFD4F /* CompanyVC.xib */; };
		9EF237C91E5E35C000FEFD4F /* ProductVC.swift in Sources */ = {isa = PBXBuildFile; fileRef = 9EF237C71E5E35C000FEFD4F /* ProductVC.swift */; };
		9EF237CA1E5E35C000FEFD4F /* ProductVC.xib in Resources */ = {isa = PBXBuildFile; fileRef = 9EF237C81E5E35C000FEFD4F /* ProductVC.xib */; };
		EB0D066C223056C1008B16DA /* CoreDataModel.xcdatamodeld in Sources */ = {isa = PBXBuildFile; fileRef = EB0D066A223056C1008B16DA /* CoreDataModel.xcdatamodeld */; };
		EB1A3158213F0B500053651F /* WebView.swift in Sources */ = {isa = PBXBuildFile; fileRef = EB1A3157213F0B500053651F /* WebView.swift */; };
		EB1A316321628A7D0053651F /* Company.swift in Sources */ = {isa = PBXBuildFile; fileRef = EB1A316221628A7D0053651F /* Company.swift */; };
		EB1A316521628B300053651F /* Product.swift in Sources */ = {isa = PBXBuildFile; fileRef = EB1A316421628B300053651F /* Product.swift */; };
		EB88A3902165483E002A0869 /* DAO.swift in Sources */ = {isa = PBXBuildFile; fileRef = EB88A38F2165483E002A0869 /* DAO.swift */; };
		EB88A3A02176883C002A0869 /* AddProductVC.swift in Sources */ = {isa = PBXBuildFile; fileRef = EB88A39F2176883C002A0869 /* AddProductVC.swift */; };
		EB88A3A22176884A002A0869 /* AddCompanyVC.xib in Resources */ = {isa = PBXBuildFile; fileRef = EB88A3A12176884A002A0869 /* AddCompanyVC.xib */; };
		EB88A3A42176885C002A0869 /* AddProductVC.xib in Resources */ = {isa = PBXBuildFile; fileRef = EB88A3A32176885C002A0869 /* AddProductVC.xib */; };
		EB88A3A6217E7852002A0869 /* AddCompanyVC.swift in Sources */ = {isa = PBXBuildFile; fileRef = EB88A3A5217E7852002A0869 /* AddCompanyVC.swift */; };
		EBA45127219CA3F200184B18 /* WebView.xib in Resources */ = {isa = PBXBuildFile; fileRef = EBA45126219CA3F200184B18 /* WebView.xib */; };
		EBA4512F21AF3BAF00184B18 /* EditCompanyVC.swift in Sources */ = {isa = PBXBuildFile; fileRef = EBA4512E21AF3BAF00184B18 /* EditCompanyVC.swift */; };
		EBA4513121AF3BC600184B18 /* EditCompanyVC.xib in Resources */ = {isa = PBXBuildFile; fileRef = EBA4513021AF3BC600184B18 /* EditCompanyVC.xib */; };
		EBA4513321AF3C1900184B18 /* EditProductVC.swift in Sources */ = {isa = PBXBuildFile; fileRef = EBA4513221AF3C1900184B18 /* EditProductVC.swift */; };
		EBA4513521AF3C2C00184B18 /* EditProductVC.xib in Resources */ = {isa = PBXBuildFile; fileRef = EBA4513421AF3C2C00184B18 /* EditProductVC.xib */; };
		EBDBA56721E51CD000AF63FF /* CompanyAddOn.xib in Resources */ = {isa = PBXBuildFile; fileRef = EBDBA56621E51CD000AF63FF /* CompanyAddOn.xib */; };
		EBDBA56921E51E5B00AF63FF /* CompanyAddOn.swift in Sources */ = {isa = PBXBuildFile; fileRef = EBDBA56821E51E5B00AF63FF /* CompanyAddOn.swift */; };
		EBDBA56B21EFAD4E00AF63FF /* Stocks.swift in Sources */ = {isa = PBXBuildFile; fileRef = EBDBA56A21EFAD4E00AF63FF /* Stocks.swift */; };
		EBDBA56D21F78ACC00AF63FF /* Network.swift in Sources */ = {isa = PBXBuildFile; fileRef = EBDBA56C21F78ACB00AF63FF /* Network.swift */; };
		EBDBA595220B5D7600AF63FF /* StockDelegate.swift in Sources */ = {isa = PBXBuildFile; fileRef = EBDBA594220B5D7600AF63FF /* StockDelegate.swift */; };
		EBE7C75722B6A384002E2606 /* CompanyTableViewCell.swift in Sources */ = {isa = PBXBuildFile; fileRef = EBE7C75622B6A384002E2606 /* CompanyTableViewCell.swift */; };
/* End PBXBuildFile section */

/* Begin PBXFileReference section */
		2D8F7A0EEADB46D2266C0CA8 /* Pods-NavCtrl_Swift.release.xcconfig */ = {isa = PBXFileReference; includeInIndex = 1; lastKnownFileType = text.xcconfig; name = "Pods-NavCtrl_Swift.release.xcconfig"; path = "Target Support Files/Pods-NavCtrl_Swift/Pods-NavCtrl_Swift.release.xcconfig"; sourceTree = "<group>"; };
		845548BC78BD8B8784296FF6 /* Pods_NavCtrl_Swift.framework */ = {isa = PBXFileReference; explicitFileType = wrapper.framework; includeInIndex = 0; path = Pods_NavCtrl_Swift.framework; sourceTree = BUILT_PRODUCTS_DIR; };
		9EF237AD1E5E351800FEFD4F /* NavCtrl_Swift.app */ = {isa = PBXFileReference; explicitFileType = wrapper.application; includeInIndex = 0; path = NavCtrl_Swift.app; sourceTree = BUILT_PRODUCTS_DIR; };
		9EF237B01E5E351800FEFD4F /* AppDelegate.swift */ = {isa = PBXFileReference; lastKnownFileType = sourcecode.swift; path = AppDelegate.swift; sourceTree = "<group>"; };
		9EF237B71E5E351800FEFD4F /* Assets.xcassets */ = {isa = PBXFileReference; lastKnownFileType = folder.assetcatalog; path = Assets.xcassets; sourceTree = "<group>"; };
		9EF237BA1E5E351800FEFD4F /* Base */ = {isa = PBXFileReference; lastKnownFileType = file.storyboard; name = Base; path = Base.lproj/LaunchScreen.storyboard; sourceTree = "<group>"; };
		9EF237BC1E5E351800FEFD4F /* Info.plist */ = {isa = PBXFileReference; lastKnownFileType = text.plist.xml; path = Info.plist; sourceTree = "<group>"; };
		9EF237C31E5E35AA00FEFD4F /* CompanyVC.swift */ = {isa = PBXFileReference; fileEncoding = 4; lastKnownFileType = sourcecode.swift; path = CompanyVC.swift; sourceTree = "<group>"; };
		9EF237C41E5E35AA00FEFD4F /* CompanyVC.xib */ = {isa = PBXFileReference; fileEncoding = 4; lastKnownFileType = file.xib; path = CompanyVC.xib; sourceTree = "<group>"; };
		9EF237C71E5E35C000FEFD4F /* ProductVC.swift */ = {isa = PBXFileReference; fileEncoding = 4; lastKnownFileType = sourcecode.swift; path = ProductVC.swift; sourceTree = "<group>"; };
		9EF237C81E5E35C000FEFD4F /* ProductVC.xib */ = {isa = PBXFileReference; fileEncoding = 4; lastKnownFileType = file.xib; path = ProductVC.xib; sourceTree = "<group>"; };
		D18E7F13E3ED86036756C49D /* Pods-NavCtrl_Swift.debug.xcconfig */ = {isa = PBXFileReference; includeInIndex = 1; lastKnownFileType = text.xcconfig; name = "Pods-NavCtrl_Swift.debug.xcconfig"; path = "Target Support Files/Pods-NavCtrl_Swift/Pods-NavCtrl_Swift.debug.xcconfig"; sourceTree = "<group>"; };
		EB0D066B223056C1008B16DA /* CoreDataModel.xcdatamodel */ = {isa = PBXFileReference; lastKnownFileType = wrapper.xcdatamodel; path = CoreDataModel.xcdatamodel; sourceTree = "<group>"; };
		EB1A3157213F0B500053651F /* WebView.swift */ = {isa = PBXFileReference; lastKnownFileType = sourcecode.swift; path = WebView.swift; sourceTree = "<group>"; };
		EB1A315D213F18880053651F /* WebView.xib */ = {isa = PBXFileReference; lastKnownFileType = file.xib; path = WebView.xib; sourceTree = "<group>"; };
		EB1A316221628A7D0053651F /* Company.swift */ = {isa = PBXFileReference; lastKnownFileType = sourcecode.swift; path = Company.swift; sourceTree = "<group>"; };
		EB1A316421628B300053651F /* Product.swift */ = {isa = PBXFileReference; lastKnownFileType = sourcecode.swift; path = Product.swift; sourceTree = "<group>"; };
		EB88A38F2165483E002A0869 /* DAO.swift */ = {isa = PBXFileReference; lastKnownFileType = sourcecode.swift; path = DAO.swift; sourceTree = "<group>"; };
		EB88A39F2176883C002A0869 /* AddProductVC.swift */ = {isa = PBXFileReference; lastKnownFileType = sourcecode.swift; path = AddProductVC.swift; sourceTree = "<group>"; };
		EB88A3A12176884A002A0869 /* AddCompanyVC.xib */ = {isa = PBXFileReference; lastKnownFileType = file.xib; path = AddCompanyVC.xib; sourceTree = "<group>"; };
		EB88A3A32176885C002A0869 /* AddProductVC.xib */ = {isa = PBXFileReference; lastKnownFileType = file.xib; path = AddProductVC.xib; sourceTree = "<group>"; };
		EB88A3A5217E7852002A0869 /* AddCompanyVC.swift */ = {isa = PBXFileReference; lastKnownFileType = sourcecode.swift; path = AddCompanyVC.swift; sourceTree = "<group>"; };
		EBA45126219CA3F200184B18 /* WebView.xib */ = {isa = PBXFileReference; lastKnownFileType = file.xib; path = WebView.xib; sourceTree = "<group>"; };
		EBA4512E21AF3BAF00184B18 /* EditCompanyVC.swift */ = {isa = PBXFileReference; lastKnownFileType = sourcecode.swift; path = EditCompanyVC.swift; sourceTree = "<group>"; };
		EBA4513021AF3BC600184B18 /* EditCompanyVC.xib */ = {isa = PBXFileReference; lastKnownFileType = file.xib; path = EditCompanyVC.xib; sourceTree = "<group>"; };
		EBA4513221AF3C1900184B18 /* EditProductVC.swift */ = {isa = PBXFileReference; lastKnownFileType = sourcecode.swift; path = EditProductVC.swift; sourceTree = "<group>"; };
		EBA4513421AF3C2C00184B18 /* EditProductVC.xib */ = {isa = PBXFileReference; lastKnownFileType = file.xib; path = EditProductVC.xib; sourceTree = "<group>"; };
		EBDBA56621E51CD000AF63FF /* CompanyAddOn.xib */ = {isa = PBXFileReference; lastKnownFileType = file.xib; path = CompanyAddOn.xib; sourceTree = "<group>"; };
		EBDBA56821E51E5B00AF63FF /* CompanyAddOn.swift */ = {isa = PBXFileReference; lastKnownFileType = sourcecode.swift; path = CompanyAddOn.swift; sourceTree = "<group>"; };
		EBDBA56A21EFAD4E00AF63FF /* Stocks.swift */ = {isa = PBXFileReference; lastKnownFileType = sourcecode.swift; path = Stocks.swift; sourceTree = "<group>"; };
		EBDBA56C21F78ACB00AF63FF /* Network.swift */ = {isa = PBXFileReference; lastKnownFileType = sourcecode.swift; path = Network.swift; sourceTree = "<group>"; };
		EBDBA594220B5D7600AF63FF /* StockDelegate.swift */ = {isa = PBXFileReference; lastKnownFileType = sourcecode.swift; path = StockDelegate.swift; sourceTree = "<group>"; };
		EBE7C75622B6A384002E2606 /* CompanyTableViewCell.swift */ = {isa = PBXFileReference; lastKnownFileType = sourcecode.swift; path = CompanyTableViewCell.swift; sourceTree = "<group>"; };
/* End PBXFileReference section */

/* Begin PBXFrameworksBuildPhase section */
		9EF237AA1E5E351800FEFD4F /* Frameworks */ = {
			isa = PBXFrameworksBuildPhase;
			buildActionMask = 2147483647;
			files = (
				05158856A32FC32F99A496AF /* Pods_NavCtrl_Swift.framework in Frameworks */,
			);
			runOnlyForDeploymentPostprocessing = 0;
		};
/* End PBXFrameworksBuildPhase section */

/* Begin PBXGroup section */
		4A21659E9D48AE1345A10E25 /* Frameworks */ = {
			isa = PBXGroup;
			children = (
				845548BC78BD8B8784296FF6 /* Pods_NavCtrl_Swift.framework */,
			);
			name = Frameworks;
			sourceTree = "<group>";
		};
		9EF237A41E5E351800FEFD4F = {
			isa = PBXGroup;
			children = (
				9EF237AF1E5E351800FEFD4F /* NavCtrl_Swift */,
				9EF237AE1E5E351800FEFD4F /* Products */,
				EBA451252192320C00184B18 /* Recovered References */,
				FE6C5D9010FDF0A8E59678BC /* Pods */,
				4A21659E9D48AE1345A10E25 /* Frameworks */,
			);
			sourceTree = "<group>";
		};
		9EF237AE1E5E351800FEFD4F /* Products */ = {
			isa = PBXGroup;
			children = (
				9EF237AD1E5E351800FEFD4F /* NavCtrl_Swift.app */,
			);
			name = Products;
			sourceTree = "<group>";
		};
		9EF237AF1E5E351800FEFD4F /* NavCtrl_Swift */ = {
			isa = PBXGroup;
			children = (
				EB1A316121628A490053651F /* Models */,
				9EF237B01E5E351800FEFD4F /* AppDelegate.swift */,
				EBDBA56A21EFAD4E00AF63FF /* Stocks.swift */,
				EBDBA594220B5D7600AF63FF /* StockDelegate.swift */,
				EBDBA56C21F78ACB00AF63FF /* Network.swift */,
				EB1A3157213F0B500053651F /* WebView.swift */,
				EBA45126219CA3F200184B18 /* WebView.xib */,
				9EF237CC1E5E35DB00FEFD4F /* CompanyViewController */,
				9EF237CB1E5E35CD00FEFD4F /* ProductViewController */,
				EB88A38F2165483E002A0869 /* DAO.swift */,
				EBA4512E21AF3BAF00184B18 /* EditCompanyVC.swift */,
				EBA4513021AF3BC600184B18 /* EditCompanyVC.xib */,
				EBA4513221AF3C1900184B18 /* EditProductVC.swift */,
				EBA4513421AF3C2C00184B18 /* EditProductVC.xib */,
				EB88A3A5217E7852002A0869 /* AddCompanyVC.swift */,
				EB88A3A12176884A002A0869 /* AddCompanyVC.xib */,
				EB88A39F2176883C002A0869 /* AddProductVC.swift */,
				EB88A3A32176885C002A0869 /* AddProductVC.xib */,
				9EF237C21E5E356100FEFD4F /* Supporting Files */,
			);
			path = NavCtrl_Swift;
			sourceTree = "<group>";
		};
		9EF237C21E5E356100FEFD4F /* Supporting Files */ = {
			isa = PBXGroup;
			children = (
				9EF237B71E5E351800FEFD4F /* Assets.xcassets */,
				9EF237B91E5E351800FEFD4F /* LaunchScreen.storyboard */,
				9EF237BC1E5E351800FEFD4F /* Info.plist */,
				EB0D066A223056C1008B16DA /* CoreDataModel.xcdatamodeld */,
			);
			name = "Supporting Files";
			sourceTree = "<group>";
		};
		9EF237CB1E5E35CD00FEFD4F /* ProductViewController */ = {
			isa = PBXGroup;
			children = (
				9EF237C71E5E35C000FEFD4F /* ProductVC.swift */,
				9EF237C81E5E35C000FEFD4F /* ProductVC.xib */,
			);
			name = ProductViewController;
			sourceTree = "<group>";
		};
		9EF237CC1E5E35DB00FEFD4F /* CompanyViewController */ = {
			isa = PBXGroup;
			children = (
				9EF237C31E5E35AA00FEFD4F /* CompanyVC.swift */,
				9EF237C41E5E35AA00FEFD4F /* CompanyVC.xib */,
				EBDBA56821E51E5B00AF63FF /* CompanyAddOn.swift */,
				EBDBA56621E51CD000AF63FF /* CompanyAddOn.xib */,
				EBE7C75622B6A384002E2606 /* CompanyTableViewCell.swift */,
			);
			name = CompanyViewController;
			sourceTree = "<group>";
		};
		EB1A316121628A490053651F /* Models */ = {
			isa = PBXGroup;
			children = (
				EB1A316221628A7D0053651F /* Company.swift */,
				EB1A316421628B300053651F /* Product.swift */,
			);
			name = Models;
			sourceTree = "<group>";
		};
		EBA451252192320C00184B18 /* Recovered References */ = {
			isa = PBXGroup;
			children = (
				EB1A315D213F18880053651F /* WebView.xib */,
			);
			name = "Recovered References";
			sourceTree = "<group>";
		};
		FE6C5D9010FDF0A8E59678BC /* Pods */ = {
			isa = PBXGroup;
			children = (
				D18E7F13E3ED86036756C49D /* Pods-NavCtrl_Swift.debug.xcconfig */,
				2D8F7A0EEADB46D2266C0CA8 /* Pods-NavCtrl_Swift.release.xcconfig */,
			);
			path = Pods;
			sourceTree = "<group>";
		};
/* End PBXGroup section */

/* Begin PBXNativeTarget section */
		9EF237AC1E5E351800FEFD4F /* NavCtrl_Swift */ = {
			isa = PBXNativeTarget;
			buildConfigurationList = 9EF237BF1E5E351800FEFD4F /* Build configuration list for PBXNativeTarget "NavCtrl_Swift" */;
			buildPhases = (
				F88859AD978B052EF83745FF /* [CP] Check Pods Manifest.lock */,
				9EF237A91E5E351800FEFD4F /* Sources */,
				9EF237AA1E5E351800FEFD4F /* Frameworks */,
				9EF237AB1E5E351800FEFD4F /* Resources */,
				1DDA9FA4FC7BAEDC5162DDA2 /* [CP] Embed Pods Frameworks */,
			);
			buildRules = (
			);
			dependencies = (
			);
			name = NavCtrl_Swift;
			productName = NavCtrl_Swift;
			productReference = 9EF237AD1E5E351800FEFD4F /* NavCtrl_Swift.app */;
			productType = "com.apple.product-type.application";
		};
/* End PBXNativeTarget section */

/* Begin PBXProject section */
		9EF237A51E5E351800FEFD4F /* Project object */ = {
			isa = PBXProject;
			attributes = {
				LastSwiftUpdateCheck = 0820;
				LastUpgradeCheck = 1010;
				ORGANIZATIONNAME = turntotech;
				TargetAttributes = {
					9EF237AC1E5E351800FEFD4F = {
						CreatedOnToolsVersion = 8.2.1;
						DevelopmentTeam = R99C9JK33N;
						LastSwiftMigration = 0940;
						ProvisioningStyle = Automatic;
					};
				};
			};
			buildConfigurationList = 9EF237A81E5E351800FEFD4F /* Build configuration list for PBXProject "NavCtrl_Swift" */;
			compatibilityVersion = "Xcode 3.2";
			developmentRegion = English;
			hasScannedForEncodings = 0;
			knownRegions = (
				en,
				Base,
			);
			mainGroup = 9EF237A41E5E351800FEFD4F;
			productRefGroup = 9EF237AE1E5E351800FEFD4F /* Products */;
			projectDirPath = "";
			projectRoot = "";
			targets = (
				9EF237AC1E5E351800FEFD4F /* NavCtrl_Swift */,
			);
		};
/* End PBXProject section */

/* Begin PBXResourcesBuildPhase section */
		9EF237AB1E5E351800FEFD4F /* Resources */ = {
			isa = PBXResourcesBuildPhase;
			buildActionMask = 2147483647;
			files = (
				EBA4513121AF3BC600184B18 /* EditCompanyVC.xib in Resources */,
				9EF237CA1E5E35C000FEFD4F /* ProductVC.xib in Resources */,
				EB88A3A22176884A002A0869 /* AddCompanyVC.xib in Resources */,
				9EF237BB1E5E351800FEFD4F /* LaunchScreen.storyboard in Resources */,
				EB88A3A42176885C002A0869 /* AddProductVC.xib in Resources */,
				EBA45127219CA3F200184B18 /* WebView.xib in Resources */,
				9EF237B81E5E351800FEFD4F /* Assets.xcassets in Resources */,
				9EF237C61E5E35AA00FEFD4F /* CompanyVC.xib in Resources */,
				EBDBA56721E51CD000AF63FF /* CompanyAddOn.xib in Resources */,
				EBA4513521AF3C2C00184B18 /* EditProductVC.xib in Resources */,
			);
			runOnlyForDeploymentPostprocessing = 0;
		};
/* End PBXResourcesBuildPhase section */

/* Begin PBXShellScriptBuildPhase section */
		1DDA9FA4FC7BAEDC5162DDA2 /* [CP] Embed Pods Frameworks */ = {
			isa = PBXShellScriptBuildPhase;
			buildActionMask = 2147483647;
			files = (
			);
			inputPaths = (
				"${PODS_ROOT}/Target Support Files/Pods-NavCtrl_Swift/Pods-NavCtrl_Swift-frameworks.sh",
				"${BUILT_PRODUCTS_DIR}/SnapKit/SnapKit.framework",
			);
			name = "[CP] Embed Pods Frameworks";
			outputPaths = (
				"${TARGET_BUILD_DIR}/${FRAMEWORKS_FOLDER_PATH}/SnapKit.framework",
			);
			runOnlyForDeploymentPostprocessing = 0;
			shellPath = /bin/sh;
			shellScript = "\"${PODS_ROOT}/Target Support Files/Pods-NavCtrl_Swift/Pods-NavCtrl_Swift-frameworks.sh\"\n";
			showEnvVarsInLog = 0;
		};
		F88859AD978B052EF83745FF /* [CP] Check Pods Manifest.lock */ = {
			isa = PBXShellScriptBuildPhase;
			buildActionMask = 2147483647;
			files = (
			);
			inputFileListPaths = (
			);
			inputPaths = (
				"${PODS_PODFILE_DIR_PATH}/Podfile.lock",
				"${PODS_ROOT}/Manifest.lock",
			);
			name = "[CP] Check Pods Manifest.lock";
			outputFileListPaths = (
			);
			outputPaths = (
				"$(DERIVED_FILE_DIR)/Pods-NavCtrl_Swift-checkManifestLockResult.txt",
			);
			runOnlyForDeploymentPostprocessing = 0;
			shellPath = /bin/sh;
			shellScript = "diff \"${PODS_PODFILE_DIR_PATH}/Podfile.lock\" \"${PODS_ROOT}/Manifest.lock\" > /dev/null\nif [ $? != 0 ] ; then\n    # print error to STDERR\n    echo \"error: The sandbox is not in sync with the Podfile.lock. Run 'pod install' or update your CocoaPods installation.\" >&2\n    exit 1\nfi\n# This output is used by Xcode 'outputs' to avoid re-running this script phase.\necho \"SUCCESS\" > \"${SCRIPT_OUTPUT_FILE_0}\"\n";
			showEnvVarsInLog = 0;
		};
/* End PBXShellScriptBuildPhase section */

/* Begin PBXSourcesBuildPhase section */
		9EF237A91E5E351800FEFD4F /* Sources */ = {
			isa = PBXSourcesBuildPhase;
			buildActionMask = 2147483647;
			files = (
				EBDBA595220B5D7600AF63FF /* StockDelegate.swift in Sources */,
				EB88A3902165483E002A0869 /* DAO.swift in Sources */,
				EB88A3A02176883C002A0869 /* AddProductVC.swift in Sources */,
				EBDBA56921E51E5B00AF63FF /* CompanyAddOn.swift in Sources */,
				9EF237C91E5E35C000FEFD4F /* ProductVC.swift in Sources */,
				9EF237C51E5E35AA00FEFD4F /* CompanyVC.swift in Sources */,
				EB0D066C223056C1008B16DA /* CoreDataModel.xcdatamodeld in Sources */,
				EB1A3158213F0B500053651F /* WebView.swift in Sources */,
				EBA4512F21AF3BAF00184B18 /* EditCompanyVC.swift in Sources */,
				9EF237B11E5E351800FEFD4F /* AppDelegate.swift in Sources */,
				EBA4513321AF3C1900184B18 /* EditProductVC.swift in Sources */,
				EB1A316321628A7D0053651F /* Company.swift in Sources */,
				EB1A316521628B300053651F /* Product.swift in Sources */,
				EBE7C75722B6A384002E2606 /* CompanyTableViewCell.swift in Sources */,
				EBDBA56B21EFAD4E00AF63FF /* Stocks.swift in Sources */,
				EBDBA56D21F78ACC00AF63FF /* Network.swift in Sources */,
				EB88A3A6217E7852002A0869 /* AddCompanyVC.swift in Sources */,
			);
			runOnlyForDeploymentPostprocessing = 0;
		};
/* End PBXSourcesBuildPhase section */

/* Begin PBXVariantGroup section */
		9EF237B91E5E351800FEFD4F /* LaunchScreen.storyboard */ = {
			isa = PBXVariantGroup;
			children = (
				9EF237BA1E5E351800FEFD4F /* Base */,
			);
			name = LaunchScreen.storyboard;
			sourceTree = "<group>";
		};
/* End PBXVariantGroup section */

/* Begin XCBuildConfiguration section */
		9EF237BD1E5E351800FEFD4F /* Debug */ = {
			isa = XCBuildConfiguration;
			buildSettings = {
				ALWAYS_SEARCH_USER_PATHS = NO;
				CLANG_ANALYZER_NONNULL = YES;
				CLANG_CXX_LANGUAGE_STANDARD = "gnu++0x";
				CLANG_CXX_LIBRARY = "libc++";
				CLANG_ENABLE_MODULES = YES;
				CLANG_ENABLE_OBJC_ARC = NO;
				CLANG_WARN_BLOCK_CAPTURE_AUTORELEASING = YES;
				CLANG_WARN_BOOL_CONVERSION = YES;
				CLANG_WARN_COMMA = YES;
				CLANG_WARN_CONSTANT_CONVERSION = YES;
				CLANG_WARN_DEPRECATED_OBJC_IMPLEMENTATIONS = YES;
				CLANG_WARN_DIRECT_OBJC_ISA_USAGE = YES_ERROR;
				CLANG_WARN_DOCUMENTATION_COMMENTS = YES;
				CLANG_WARN_EMPTY_BODY = YES;
				CLANG_WARN_ENUM_CONVERSION = YES;
				CLANG_WARN_INFINITE_RECURSION = YES;
				CLANG_WARN_INT_CONVERSION = YES;
				CLANG_WARN_NON_LITERAL_NULL_CONVERSION = YES;
				CLANG_WARN_OBJC_IMPLICIT_RETAIN_SELF = YES;
				CLANG_WARN_OBJC_LITERAL_CONVERSION = YES;
				CLANG_WARN_OBJC_ROOT_CLASS = YES_ERROR;
				CLANG_WARN_RANGE_LOOP_ANALYSIS = YES;
				CLANG_WARN_STRICT_PROTOTYPES = YES;
				CLANG_WARN_SUSPICIOUS_MOVE = YES;
				CLANG_WARN_UNREACHABLE_CODE = YES;
				CLANG_WARN__DUPLICATE_METHOD_MATCH = YES;
				"CODE_SIGN_IDENTITY[sdk=iphoneos*]" = "iPhone Developer";
				COPY_PHASE_STRIP = NO;
				DEBUG_INFORMATION_FORMAT = dwarf;
				ENABLE_STRICT_OBJC_MSGSEND = YES;
				ENABLE_TESTABILITY = YES;
				GCC_C_LANGUAGE_STANDARD = gnu99;
				GCC_DYNAMIC_NO_PIC = NO;
				GCC_NO_COMMON_BLOCKS = YES;
				GCC_OPTIMIZATION_LEVEL = 0;
				GCC_PREPROCESSOR_DEFINITIONS = (
					"DEBUG=1",
					"$(inherited)",
				);
				GCC_WARN_64_TO_32_BIT_CONVERSION = YES;
				GCC_WARN_ABOUT_RETURN_TYPE = YES_ERROR;
				GCC_WARN_UNDECLARED_SELECTOR = YES;
				GCC_WARN_UNINITIALIZED_AUTOS = YES_AGGRESSIVE;
				GCC_WARN_UNUSED_FUNCTION = YES;
				GCC_WARN_UNUSED_VARIABLE = YES;
				IPHONEOS_DEPLOYMENT_TARGET = 10.2;
				MTL_ENABLE_DEBUG_INFO = YES;
				ONLY_ACTIVE_ARCH = YES;
				SDKROOT = iphoneos;
				SWIFT_ACTIVE_COMPILATION_CONDITIONS = DEBUG;
				SWIFT_OPTIMIZATION_LEVEL = "-Onone";
				TARGETED_DEVICE_FAMILY = "1,2";
			};
			name = Debug;
		};
		9EF237BE1E5E351800FEFD4F /* Release */ = {
			isa = XCBuildConfiguration;
			buildSettings = {
				ALWAYS_SEARCH_USER_PATHS = NO;
				CLANG_ANALYZER_NONNULL = YES;
				CLANG_CXX_LANGUAGE_STANDARD = "gnu++0x";
				CLANG_CXX_LIBRARY = "libc++";
				CLANG_ENABLE_MODULES = YES;
				CLANG_ENABLE_OBJC_ARC = NO;
				CLANG_WARN_BLOCK_CAPTURE_AUTORELEASING = YES;
				CLANG_WARN_BOOL_CONVERSION = YES;
				CLANG_WARN_COMMA = YES;
				CLANG_WARN_CONSTANT_CONVERSION = YES;
				CLANG_WARN_DEPRECATED_OBJC_IMPLEMENTATIONS = YES;
				CLANG_WARN_DIRECT_OBJC_ISA_USAGE = YES_ERROR;
				CLANG_WARN_DOCUMENTATION_COMMENTS = YES;
				CLANG_WARN_EMPTY_BODY = YES;
				CLANG_WARN_ENUM_CONVERSION = YES;
				CLANG_WARN_INFINITE_RECURSION = YES;
				CLANG_WARN_INT_CONVERSION = YES;
				CLANG_WARN_NON_LITERAL_NULL_CONVERSION = YES;
				CLANG_WARN_OBJC_IMPLICIT_RETAIN_SELF = YES;
				CLANG_WARN_OBJC_LITERAL_CONVERSION = YES;
				CLANG_WARN_OBJC_ROOT_CLASS = YES_ERROR;
				CLANG_WARN_RANGE_LOOP_ANALYSIS = YES;
				CLANG_WARN_STRICT_PROTOTYPES = YES;
				CLANG_WARN_SUSPICIOUS_MOVE = YES;
				CLANG_WARN_UNREACHABLE_CODE = YES;
				CLANG_WARN__DUPLICATE_METHOD_MATCH = YES;
				"CODE_SIGN_IDENTITY[sdk=iphoneos*]" = "iPhone Developer";
				COPY_PHASE_STRIP = NO;
				DEBUG_INFORMATION_FORMAT = "dwarf-with-dsym";
				ENABLE_NS_ASSERTIONS = NO;
				ENABLE_STRICT_OBJC_MSGSEND = YES;
				GCC_C_LANGUAGE_STANDARD = gnu99;
				GCC_NO_COMMON_BLOCKS = YES;
				GCC_WARN_64_TO_32_BIT_CONVERSION = YES;
				GCC_WARN_ABOUT_RETURN_TYPE = YES_ERROR;
				GCC_WARN_UNDECLARED_SELECTOR = YES;
				GCC_WARN_UNINITIALIZED_AUTOS = YES_AGGRESSIVE;
				GCC_WARN_UNUSED_FUNCTION = YES;
				GCC_WARN_UNUSED_VARIABLE = YES;
				IPHONEOS_DEPLOYMENT_TARGET = 10.2;
				MTL_ENABLE_DEBUG_INFO = NO;
				SDKROOT = iphoneos;
				SWIFT_OPTIMIZATION_LEVEL = "-Owholemodule";
				TARGETED_DEVICE_FAMILY = "1,2";
				VALIDATE_PRODUCT = YES;
			};
			name = Release;
		};
		9EF237C01E5E351800FEFD4F /* Debug */ = {
			isa = XCBuildConfiguration;
			baseConfigurationReference = D18E7F13E3ED86036756C49D /* Pods-NavCtrl_Swift.debug.xcconfig */;
			buildSettings = {
				ASSETCATALOG_COMPILER_APPICON_NAME = AppIcon;
				CLANG_ENABLE_OBJC_WEAK = YES;
				DEVELOPMENT_TEAM = R99C9JK33N;
				INFOPLIST_FILE = NavCtrl_Swift/Info.plist;
				LD_RUNPATH_SEARCH_PATHS = "$(inherited) @executable_path/Frameworks";
				PRODUCT_BUNDLE_IDENTIFIER = "com..NavCtrl-Swift";
				PRODUCT_NAME = "$(TARGET_NAME)";
				SWIFT_SWIFT3_OBJC_INFERENCE = On;
				SWIFT_VERSION = 4.2;
			};
			name = Debug;
		};
		9EF237C11E5E351800FEFD4F /* Release */ = {
			isa = XCBuildConfiguration;
			baseConfigurationReference = 2D8F7A0EEADB46D2266C0CA8 /* Pods-NavCtrl_Swift.release.xcconfig */;
			buildSettings = {
				ASSETCATALOG_COMPILER_APPICON_NAME = AppIcon;
				CLANG_ENABLE_OBJC_WEAK = YES;
				DEVELOPMENT_TEAM = R99C9JK33N;
				INFOPLIST_FILE = NavCtrl_Swift/Info.plist;
				LD_RUNPATH_SEARCH_PATHS = "$(inherited) @executable_path/Frameworks";
				PRODUCT_BUNDLE_IDENTIFIER = "com..NavCtrl-Swift";
				PRODUCT_NAME = "$(TARGET_NAME)";
				SWIFT_SWIFT3_OBJC_INFERENCE = On;
				SWIFT_VERSION = 4.2;
			};
			name = Release;
		};
/* End XCBuildConfiguration section */

/* Begin XCConfigurationList section */
		9EF237A81E5E351800FEFD4F /* Build configuration list for PBXProject "NavCtrl_Swift" */ = {
			isa = XCConfigurationList;
			buildConfigurations = (
				9EF237BD1E5E351800FEFD4F /* Debug */,
				9EF237BE1E5E351800FEFD4F /* Release */,
			);
			defaultConfigurationIsVisible = 0;
			defaultConfigurationName = Release;
		};
		9EF237BF1E5E351800FEFD4F /* Build configuration list for PBXNativeTarget "NavCtrl_Swift" */ = {
			isa = XCConfigurationList;
			buildConfigurations = (
				9EF237C01E5E351800FEFD4F /* Debug */,
				9EF237C11E5E351800FEFD4F /* Release */,
			);
			defaultConfigurationIsVisible = 0;
			defaultConfigurationName = Release;
		};
/* End XCConfigurationList section */

/* Begin XCVersionGroup section */
		EB0D066A223056C1008B16DA /* CoreDataModel.xcdatamodeld */ = {
			isa = XCVersionGroup;
			children = (
				EB0D066B223056C1008B16DA /* CoreDataModel.xcdatamodel */,
			);
			currentVersion = EB0D066B223056C1008B16DA /* CoreDataModel.xcdatamodel */;
			path = CoreDataModel.xcdatamodeld;
			sourceTree = "<group>";
			versionGroupType = wrapper.xcdatamodel;
		};
/* End XCVersionGroup section */
	};
	rootObject = 9EF237A51E5E351800FEFD4F /* Project object */;
}
